// !$*UTF8*$!
{
	archiveVersion = 1;
	classes = {
	};
	objectVersion = 50;
	objects = {

/* Begin PBXBuildFile section */
		C220E97226ECD11F00549298 /* Aula01App.swift in Sources */ = {isa = PBXBuildFile; fileRef = C220E97126ECD11F00549298 /* Aula01App.swift */; };
		C220E97426ECD11F00549298 /* ContentView.swift in Sources */ = {isa = PBXBuildFile; fileRef = C220E97326ECD11F00549298 /* ContentView.swift */; };
		C220E97626ECD12200549298 /* Assets.xcassets in Resources */ = {isa = PBXBuildFile; fileRef = C220E97526ECD12200549298 /* Assets.xcassets */; };
		C220E97926ECD12200549298 /* Preview Assets.xcassets in Resources */ = {isa = PBXBuildFile; fileRef = C220E97826ECD12200549298 /* Preview Assets.xcassets */; };
		C220E98526ECEA6600549298 /* Place.swift in Sources */ = {isa = PBXBuildFile; fileRef = C220E98426ECEA6600549298 /* Place.swift */; };
		C220E98826ECEFBB00549298 /* ModelData.swift in Sources */ = {isa = PBXBuildFile; fileRef = C220E98726ECEFBB00549298 /* ModelData.swift */; };
		C220E99226ECF6ED00549298 /* PlacesView.swift in Sources */ = {isa = PBXBuildFile; fileRef = C220E99126ECF6ED00549298 /* PlacesView.swift */; };
		C2BCAC4126ED0FA90009BC65 /* landmarkData.json in Resources */ = {isa = PBXBuildFile; fileRef = C2BCAC4026ED0FA90009BC65 /* landmarkData.json */; };
		C2BCAC4426ED15040009BC65 /* PlacesRowView.swift in Sources */ = {isa = PBXBuildFile; fileRef = C2BCAC4326ED15040009BC65 /* PlacesRowView.swift */; };
		C2BCAC4A26ED1C000009BC65 /* PlaceDetailsView.swift in Sources */ = {isa = PBXBuildFile; fileRef = C2BCAC4926ED1C000009BC65 /* PlaceDetailsView.swift */; };
		C2BCAC4E26ED1F5F0009BC65 /* CircleImageView.swift in Sources */ = {isa = PBXBuildFile; fileRef = C2BCAC4D26ED1F5F0009BC65 /* CircleImageView.swift */; };
		C2BCAC5126ED21060009BC65 /* MapView.swift in Sources */ = {isa = PBXBuildFile; fileRef = C2BCAC5026ED21060009BC65 /* MapView.swift */; };
/* End PBXBuildFile section */

/* Begin PBXFileReference section */
		C220E96E26ECD11E00549298 /* Aula01.app */ = {isa = PBXFileReference; explicitFileType = wrapper.application; includeInIndex = 0; path = Aula01.app; sourceTree = BUILT_PRODUCTS_DIR; };
		C220E97126ECD11F00549298 /* Aula01App.swift */ = {isa = PBXFileReference; lastKnownFileType = sourcecode.swift; path = Aula01App.swift; sourceTree = "<group>"; };
		C220E97326ECD11F00549298 /* ContentView.swift */ = {isa = PBXFileReference; lastKnownFileType = sourcecode.swift; path = ContentView.swift; sourceTree = "<group>"; };
		C220E97526ECD12200549298 /* Assets.xcassets */ = {isa = PBXFileReference; lastKnownFileType = folder.assetcatalog; path = Assets.xcassets; sourceTree = "<group>"; };
		C220E97826ECD12200549298 /* Preview Assets.xcassets */ = {isa = PBXFileReference; lastKnownFileType = folder.assetcatalog; path = "Preview Assets.xcassets"; sourceTree = "<group>"; };
		C220E97A26ECD12200549298 /* Info.plist */ = {isa = PBXFileReference; lastKnownFileType = text.plist.xml; path = Info.plist; sourceTree = "<group>"; };
		C220E98426ECEA6600549298 /* Place.swift */ = {isa = PBXFileReference; lastKnownFileType = sourcecode.swift; path = Place.swift; sourceTree = "<group>"; };
		C220E98726ECEFBB00549298 /* ModelData.swift */ = {isa = PBXFileReference; lastKnownFileType = sourcecode.swift; path = ModelData.swift; sourceTree = "<group>"; };
		C220E99126ECF6ED00549298 /* PlacesView.swift */ = {isa = PBXFileReference; lastKnownFileType = sourcecode.swift; path = PlacesView.swift; sourceTree = "<group>"; };
		C2BCAC4026ED0FA90009BC65 /* landmarkData.json */ = {isa = PBXFileReference; fileEncoding = 4; lastKnownFileType = text.json; path = landmarkData.json; sourceTree = "<group>"; };
		C2BCAC4326ED15040009BC65 /* PlacesRowView.swift */ = {isa = PBXFileReference; lastKnownFileType = sourcecode.swift; path = PlacesRowView.swift; sourceTree = "<group>"; };
		C2BCAC4926ED1C000009BC65 /* PlaceDetailsView.swift */ = {isa = PBXFileReference; lastKnownFileType = sourcecode.swift; path = PlaceDetailsView.swift; sourceTree = "<group>"; };
		C2BCAC4D26ED1F5F0009BC65 /* CircleImageView.swift */ = {isa = PBXFileReference; lastKnownFileType = sourcecode.swift; path = CircleImageView.swift; sourceTree = "<group>"; };
		C2BCAC5026ED21060009BC65 /* MapView.swift */ = {isa = PBXFileReference; lastKnownFileType = sourcecode.swift; path = MapView.swift; sourceTree = "<group>"; };
/* End PBXFileReference section */

/* Begin PBXFrameworksBuildPhase section */
		C220E96B26ECD11E00549298 /* Frameworks */ = {
			isa = PBXFrameworksBuildPhase;
			buildActionMask = 2147483647;
			files = (
			);
			runOnlyForDeploymentPostprocessing = 0;
		};
/* End PBXFrameworksBuildPhase section */

/* Begin PBXGroup section */
		C220E96526ECD11E00549298 = {
			isa = PBXGroup;
			children = (
				C220E97026ECD11E00549298 /* Aula01 */,
				C220E96F26ECD11E00549298 /* Products */,
			);
			sourceTree = "<group>";
		};
		C220E96F26ECD11E00549298 /* Products */ = {
			isa = PBXGroup;
			children = (
				C220E96E26ECD11E00549298 /* Aula01.app */,
			);
			name = Products;
			sourceTree = "<group>";
		};
		C220E97026ECD11E00549298 /* Aula01 */ = {
			isa = PBXGroup;
			children = (
				C2BCAC4826ED1B350009BC65 /* View */,
				C2BCAC3F26ED0F990009BC65 /* Resources */,
				C220E98B26ECF55100549298 /* Model */,
				C220E97126ECD11F00549298 /* Aula01App.swift */,
				C220E97A26ECD12200549298 /* Info.plist */,
				C220E97526ECD12200549298 /* Assets.xcassets */,
				C220E97726ECD12200549298 /* Preview Content */,
			);
			path = Aula01;
			sourceTree = "<group>";
		};
		C220E97726ECD12200549298 /* Preview Content */ = {
			isa = PBXGroup;
			children = (
				C220E97826ECD12200549298 /* Preview Assets.xcassets */,
			);
			path = "Preview Content";
			sourceTree = "<group>";
		};
		C220E98B26ECF55100549298 /* Model */ = {
			isa = PBXGroup;
			children = (
				C220E98426ECEA6600549298 /* Place.swift */,
				C220E98726ECEFBB00549298 /* ModelData.swift */,
			);
			path = Model;
			sourceTree = "<group>";
		};
		C2BCAC3F26ED0F990009BC65 /* Resources */ = {
			isa = PBXGroup;
			children = (
				C2BCAC4026ED0FA90009BC65 /* landmarkData.json */,
			);
			name = Resources;
			sourceTree = "<group>";
		};
		C2BCAC4826ED1B350009BC65 /* View */ = {
			isa = PBXGroup;
			children = (
				C220E97326ECD11F00549298 /* ContentView.swift */,
				C220E99126ECF6ED00549298 /* PlacesView.swift */,
				C2BCAC4326ED15040009BC65 /* PlacesRowView.swift */,
				C2BCAC4926ED1C000009BC65 /* PlaceDetailsView.swift */,
				C2BCAC4D26ED1F5F0009BC65 /* CircleImageView.swift */,
				C2BCAC5026ED21060009BC65 /* MapView.swift */,
			);
			path = View;
			sourceTree = "<group>";
		};
/* End PBXGroup section */

/* Begin PBXNativeTarget section */
		C220E96D26ECD11E00549298 /* Aula01 */ = {
			isa = PBXNativeTarget;
			buildConfigurationList = C220E97D26ECD12200549298 /* Build configuration list for PBXNativeTarget "Aula01" */;
			buildPhases = (
				C220E96A26ECD11E00549298 /* Sources */,
				C220E96B26ECD11E00549298 /* Frameworks */,
				C220E96C26ECD11E00549298 /* Resources */,
			);
			buildRules = (
			);
			dependencies = (
			);
			name = Aula01;
			productName = Aula01;
			productReference = C220E96E26ECD11E00549298 /* Aula01.app */;
			productType = "com.apple.product-type.application";
		};
/* End PBXNativeTarget section */

/* Begin PBXProject section */
		C220E96626ECD11E00549298 /* Project object */ = {
			isa = PBXProject;
			attributes = {
				LastSwiftUpdateCheck = 1220;
				LastUpgradeCheck = 1220;
				TargetAttributes = {
					C220E96D26ECD11E00549298 = {
						CreatedOnToolsVersion = 12.2;
					};
				};
			};
			buildConfigurationList = C220E96926ECD11E00549298 /* Build configuration list for PBXProject "Aula01" */;
			compatibilityVersion = "Xcode 9.3";
			developmentRegion = en;
			hasScannedForEncodings = 0;
			knownRegions = (
				en,
				Base,
			);
			mainGroup = C220E96526ECD11E00549298;
			productRefGroup = C220E96F26ECD11E00549298 /* Products */;
			projectDirPath = "";
			projectRoot = "";
			targets = (
				C220E96D26ECD11E00549298 /* Aula01 */,
			);
		};
/* End PBXProject section */

/* Begin PBXResourcesBuildPhase section */
		C220E96C26ECD11E00549298 /* Resources */ = {
			isa = PBXResourcesBuildPhase;
			buildActionMask = 2147483647;
			files = (
				C220E97926ECD12200549298 /* Preview Assets.xcassets in Resources */,
				C220E97626ECD12200549298 /* Assets.xcassets in Resources */,
				C2BCAC4126ED0FA90009BC65 /* landmarkData.json in Resources */,
			);
			runOnlyForDeploymentPostprocessing = 0;
		};
/* End PBXResourcesBuildPhase section */

/* Begin PBXSourcesBuildPhase section */
		C220E96A26ECD11E00549298 /* Sources */ = {
			isa = PBXSourcesBuildPhase;
			buildActionMask = 2147483647;
			files = (
				C2BCAC4E26ED1F5F0009BC65 /* CircleImageView.swift in Sources */,
				C2BCAC4A26ED1C000009BC65 /* PlaceDetailsView.swift in Sources */,
				C220E98526ECEA6600549298 /* Place.swift in Sources */,
				C220E99226ECF6ED00549298 /* PlacesView.swift in Sources */,
				C220E98826ECEFBB00549298 /* ModelData.swift in Sources */,
				C220E97426ECD11F00549298 /* ContentView.swift in Sources */,
				C220E97226ECD11F00549298 /* Aula01App.swift in Sources */,
				C2BCAC5126ED21060009BC65 /* MapView.swift in Sources */,
				C2BCAC4426ED15040009BC65 /* PlacesRowView.swift in Sources */,
			);
			runOnlyForDeploymentPostprocessing = 0;
		};
/* End PBXSourcesBuildPhase section */

/* Begin XCBuildConfiguration section */
		C220E97B26ECD12200549298 /* Debug */ = {
			isa = XCBuildConfiguration;
			buildSettings = {
				ALWAYS_SEARCH_USER_PATHS = NO;
				CLANG_ANALYZER_NONNULL = YES;
				CLANG_ANALYZER_NUMBER_OBJECT_CONVERSION = YES_AGGRESSIVE;
				CLANG_CXX_LANGUAGE_STANDARD = "gnu++14";
				CLANG_CXX_LIBRARY = "libc++";
				CLANG_ENABLE_MODULES = YES;
				CLANG_ENABLE_OBJC_ARC = YES;
				CLANG_ENABLE_OBJC_WEAK = YES;
				CLANG_WARN_BLOCK_CAPTURE_AUTORELEASING = YES;
				CLANG_WARN_BOOL_CONVERSION = YES;
				CLANG_WARN_COMMA = YES;
				CLANG_WARN_CONSTANT_CONVERSION = YES;
				CLANG_WARN_DEPRECATED_OBJC_IMPLEMENTATIONS = YES;
				CLANG_WARN_DIRECT_OBJC_ISA_USAGE = YES_ERROR;
				CLANG_WARN_DOCUMENTATION_COMMENTS = YES;
				CLANG_WARN_EMPTY_BODY = YES;
				CLANG_WARN_ENUM_CONVERSION = YES;
				CLANG_WARN_INFINITE_RECURSION = YES;
				CLANG_WARN_INT_CONVERSION = YES;
				CLANG_WARN_NON_LITERAL_NULL_CONVERSION = YES;
				CLANG_WARN_OBJC_IMPLICIT_RETAIN_SELF = YES;
				CLANG_WARN_OBJC_LITERAL_CONVERSION = YES;
				CLANG_WARN_OBJC_ROOT_CLASS = YES_ERROR;
				CLANG_WARN_QUOTED_INCLUDE_IN_FRAMEWORK_HEADER = YES;
				CLANG_WARN_RANGE_LOOP_ANALYSIS = YES;
				CLANG_WARN_STRICT_PROTOTYPES = YES;
				CLANG_WARN_SUSPICIOUS_MOVE = YES;
				CLANG_WARN_UNGUARDED_AVAILABILITY = YES_AGGRESSIVE;
				CLANG_WARN_UNREACHABLE_CODE = YES;
				CLANG_WARN__DUPLICATE_METHOD_MATCH = YES;
				COPY_PHASE_STRIP = NO;
				DEBUG_INFORMATION_FORMAT = dwarf;
				ENABLE_STRICT_OBJC_MSGSEND = YES;
				ENABLE_TESTABILITY = YES;
				GCC_C_LANGUAGE_STANDARD = gnu11;
				GCC_DYNAMIC_NO_PIC = NO;
				GCC_NO_COMMON_BLOCKS = YES;
				GCC_OPTIMIZATION_LEVEL = 0;
				GCC_PREPROCESSOR_DEFINITIONS = (
					"DEBUG=1",
					"$(inherited)",
				);
				GCC_WARN_64_TO_32_BIT_CONVERSION = YES;
				GCC_WARN_ABOUT_RETURN_TYPE = YES_ERROR;
				GCC_WARN_UNDECLARED_SELECTOR = YES;
				GCC_WARN_UNINITIALIZED_AUTOS = YES_AGGRESSIVE;
				GCC_WARN_UNUSED_FUNCTION = YES;
				GCC_WARN_UNUSED_VARIABLE = YES;
				IPHONEOS_DEPLOYMENT_TARGET = 14.2;
				MTL_ENABLE_DEBUG_INFO = INCLUDE_SOURCE;
				MTL_FAST_MATH = YES;
				ONLY_ACTIVE_ARCH = YES;
				SDKROOT = iphoneos;
				SWIFT_ACTIVE_COMPILATION_CONDITIONS = DEBUG;
				SWIFT_OPTIMIZATION_LEVEL = "-Onone";
			};
			name = Debug;
		};
		C220E97C26ECD12200549298 /* Release */ = {
			isa = XCBuildConfiguration;
			buildSettings = {
				ALWAYS_SEARCH_USER_PATHS = NO;
				CLANG_ANALYZER_NONNULL = YES;
				CLANG_ANALYZER_NUMBER_OBJECT_CONVERSION = YES_AGGRESSIVE;
				CLANG_CXX_LANGUAGE_STANDARD = "gnu++14";
				CLANG_CXX_LIBRARY = "libc++";
				CLANG_ENABLE_MODULES = YES;
				CLANG_ENABLE_OBJC_ARC = YES;
				CLANG_ENABLE_OBJC_WEAK = YES;
				CLANG_WARN_BLOCK_CAPTURE_AUTORELEASING = YES;
				CLANG_WARN_BOOL_CONVERSION = YES;
				CLANG_WARN_COMMA = YES;
				CLANG_WARN_CONSTANT_CONVERSION = YES;
				CLANG_WARN_DEPRECATED_OBJC_IMPLEMENTATIONS = YES;
				CLANG_WARN_DIRECT_OBJC_ISA_USAGE = YES_ERROR;
				CLANG_WARN_DOCUMENTATION_COMMENTS = YES;
				CLANG_WARN_EMPTY_BODY = YES;
				CLANG_WARN_ENUM_CONVERSION = YES;
				CLANG_WARN_INFINITE_RECURSION = YES;
				CLANG_WARN_INT_CONVERSION = YES;
				CLANG_WARN_NON_LITERAL_NULL_CONVERSION = YES;
				CLANG_WARN_OBJC_IMPLICIT_RETAIN_SELF = YES;
				CLANG_WARN_OBJC_LITERAL_CONVERSION = YES;
				CLANG_WARN_OBJC_ROOT_CLASS = YES_ERROR;
				CLANG_WARN_QUOTED_INCLUDE_IN_FRAMEWORK_HEADER = YES;
				CLANG_WARN_RANGE_LOOP_ANALYSIS = YES;
				CLANG_WARN_STRICT_PROTOTYPES = YES;
				CLANG_WARN_SUSPICIOUS_MOVE = YES;
				CLANG_WARN_UNGUARDED_AVAILABILITY = YES_AGGRESSIVE;
				CLANG_WARN_UNREACHABLE_CODE = YES;
				CLANG_WARN__DUPLICATE_METHOD_MATCH = YES;
				COPY_PHASE_STRIP = NO;
				DEBUG_INFORMATION_FORMAT = "dwarf-with-dsym";
				ENABLE_NS_ASSERTIONS = NO;
				ENABLE_STRICT_OBJC_MSGSEND = YES;
				GCC_C_LANGUAGE_STANDARD = gnu11;
				GCC_NO_COMMON_BLOCKS = YES;
				GCC_WARN_64_TO_32_BIT_CONVERSION = YES;
				GCC_WARN_ABOUT_RETURN_TYPE = YES_ERROR;
				GCC_WARN_UNDECLARED_SELECTOR = YES;
				GCC_WARN_UNINITIALIZED_AUTOS = YES_AGGRESSIVE;
				GCC_WARN_UNUSED_FUNCTION = YES;
				GCC_WARN_UNUSED_VARIABLE = YES;
				IPHONEOS_DEPLOYMENT_TARGET = 14.2;
				MTL_ENABLE_DEBUG_INFO = NO;
				MTL_FAST_MATH = YES;
				SDKROOT = iphoneos;
				SWIFT_COMPILATION_MODE = wholemodule;
				SWIFT_OPTIMIZATION_LEVEL = "-O";
				VALIDATE_PRODUCT = YES;
			};
			name = Release;
		};
		C220E97E26ECD12200549298 /* Debug */ = {
			isa = XCBuildConfiguration;
			buildSettings = {
				ASSETCATALOG_COMPILER_APPICON_NAME = AppIcon;
				ASSETCATALOG_COMPILER_GLOBAL_ACCENT_COLOR_NAME = AccentColor;
				CODE_SIGN_STYLE = Automatic;
				CURRENT_PROJECT_VERSION = 1;
				DEVELOPMENT_ASSET_PATHS = "\"Aula01/Preview Content\"";
				ENABLE_PREVIEWS = YES;
				INFOPLIST_FILE = Aula01/Info.plist;
				IPHONEOS_DEPLOYMENT_TARGET = 14.0;
				LD_RUNPATH_SEARCH_PATHS = (
					"$(inherited)",
					"@executable_path/Frameworks",
				);
				MARKETING_VERSION = 1.0;
				OTHER_CODE_SIGN_FLAGS = "--deep";
				PRODUCT_BUNDLE_IDENTIFIER = br.com.diego.Aula01;
				PRODUCT_NAME = "$(TARGET_NAME)";
				SWIFT_VERSION = 5.0;
				TARGETED_DEVICE_FAMILY = "1,2";
			};
			name = Debug;
		};
		C220E97F26ECD12200549298 /* Release */ = {
			isa = XCBuildConfiguration;
			buildSettings = {
				ASSETCATALOG_COMPILER_APPICON_NAME = AppIcon;
				ASSETCATALOG_COMPILER_GLOBAL_ACCENT_COLOR_NAME = AccentColor;
				CODE_SIGN_STYLE = Automatic;
				CURRENT_PROJECT_VERSION = 1;
				DEVELOPMENT_ASSET_PATHS = "\"Aula01/Preview Content\"";
				ENABLE_PREVIEWS = YES;
				INFOPLIST_FILE = Aula01/Info.plist;
				IPHONEOS_DEPLOYMENT_TARGET = 14.0;
				LD_RUNPATH_SEARCH_PATHS = (
					"$(inherited)",
					"@executable_path/Frameworks",
				);
				MARKETING_VERSION = 1.0;
				OTHER_CODE_SIGN_FLAGS = "--deep";
				PRODUCT_BUNDLE_IDENTIFIER = br.com.diego.Aula01;
				PRODUCT_NAME = "$(TARGET_NAME)";
				SWIFT_VERSION = 5.0;
				TARGETED_DEVICE_FAMILY = "1,2";
			};
			name = Release;
		};
/* End XCBuildConfiguration section */

/* Begin XCConfigurationList section */
		C220E96926ECD11E00549298 /* Build configuration list for PBXProject "Aula01" */ = {
			isa = XCConfigurationList;
			buildConfigurations = (
				C220E97B26ECD12200549298 /* Debug */,
				C220E97C26ECD12200549298 /* Release */,
			);
			defaultConfigurationIsVisible = 0;
			defaultConfigurationName = Release;
		};
		C220E97D26ECD12200549298 /* Build configuration list for PBXNativeTarget "Aula01" */ = {
			isa = XCConfigurationList;
			buildConfigurations = (
				C220E97E26ECD12200549298 /* Debug */,
				C220E97F26ECD12200549298 /* Release */,
			);
			defaultConfigurationIsVisible = 0;
			defaultConfigurationName = Release;
		};
/* End XCConfigurationList section */
	};
	rootObject = C220E96626ECD11E00549298 /* Project object */;
}
